
Microsoft Visual Studio Solution File, Format Version 9.00
# Visual Studio 2005
Project("{8BC9CEB8-8B4A-11D0-8D11-00A0C91BC942}") = "TaskMgr", "System\TaskMgr\TaskMgr.vcproj", "{0EBD2D73-9ECA-4CBA-93B8-DBE819C8F884}"
EndProject
Project("{2150E333-8FDC-42A3-9474-1A3956D46DE8}") = "Public", "Public", "{C7419687-6981-493D-8387-5F474403E966}"
EndProject
Project("{2150E333-8FDC-42A3-9474-1A3956D46DE8}") = "System", "System", "{CB01E3F3-E456-47A2-A616-9736C22EFC9C}"
EndProject
Project("{8BC9CEB8-8B4A-11D0-8D11-00A0C91BC942}") = "Public", "Public\Public.vcproj", "{D8FD8F00-4723-4804-8F35-E333FCD9EC5A}"
EndProject
Project("{8BC9CEB8-8B4A-11D0-8D11-00A0C91BC942}") = "System", "System\System.vcproj", "{9A58F19B-7BF1-49E0-9512-54A16DBFEF50}"
EndProject
Project("{8BC9CEB8-8B4A-11D0-8D11-00A0C91BC942}") = "Net", "Comm\Net\Net.vcproj", "{18E4E701-00ED-44BF-9983-D37FADA0729C}"
EndProject
Project("{2150E333-8FDC-42A3-9474-1A3956D46DE8}") = "Comm", "Comm", "{3A67DC98-17CC-489E-8463-082AF1E6A8C6}"
EndProject
Project("{2150E333-8FDC-42A3-9474-1A3956D46DE8}") = "Net", "Net", "{093D81EE-D5EC-4AB8-BD19-2A2773A6C362}"
EndProject
Project("{8BC9CEB8-8B4A-11D0-8D11-00A0C91BC942}") = "Statistic", "Public\Statistic\Statistic.vcproj", "{3F819B43-1F6E-43CC-BEA5-D9F760F30039}"
EndProject
Project("{8BC9CEB8-8B4A-11D0-8D11-00A0C91BC942}") = "Logger", "System\Logger\Logger.vcproj", "{33E6D7E6-286C-4F6F-B3A0-1A5DB635220A}"
EndProject
Project("{8BC9CEB8-8B4A-11D0-8D11-00A0C91BC942}") = "ExceptionParser", "System\ExceptionParser\ExceptionParser.vcproj", "{B97091E4-07A0-48F0-934A-84A8A81898D5}"
EndProject
Project("{2150E333-8FDC-42A3-9474-1A3956D46DE8}") = "Test", "Test", "{BB36B246-A754-4E74-83FE-FFF9CBC6B85C}"
EndProject
Project("{8BC9CEB8-8B4A-11D0-8D11-00A0C91BC942}") = "LoggerTest", "Test\LoggerTest\LoggerTest.vcproj", "{72FA7932-7C31-4711-B84C-457C06C6190A}"
	ProjectSection(ProjectDependencies) = postProject
		{D8FD8F00-4723-4804-8F35-E333FCD9EC5A} = {D8FD8F00-4723-4804-8F35-E333FCD9EC5A}
		{0EBD2D73-9ECA-4CBA-93B8-DBE819C8F884} = {0EBD2D73-9ECA-4CBA-93B8-DBE819C8F884}
		{B97091E4-07A0-48F0-934A-84A8A81898D5} = {B97091E4-07A0-48F0-934A-84A8A81898D5}
		{33E6D7E6-286C-4F6F-B3A0-1A5DB635220A} = {33E6D7E6-286C-4F6F-B3A0-1A5DB635220A}
	EndProjectSection
EndProject
Global
	GlobalSection(SolutionConfigurationPlatforms) = preSolution
		Debug|Win32 = Debug|Win32
		Release|Win32 = Release|Win32
	EndGlobalSection
	GlobalSection(ProjectConfigurationPlatforms) = postSolution
		{0EBD2D73-9ECA-4CBA-93B8-DBE819C8F884}.Debug|Win32.ActiveCfg = Debug|Win32
		{0EBD2D73-9ECA-4CBA-93B8-DBE819C8F884}.Debug|Win32.Build.0 = Debug|Win32
		{0EBD2D73-9ECA-4CBA-93B8-DBE819C8F884}.Release|Win32.ActiveCfg = Release|Win32
		{0EBD2D73-9ECA-4CBA-93B8-DBE819C8F884}.Release|Win32.Build.0 = Release|Win32
		{D8FD8F00-4723-4804-8F35-E333FCD9EC5A}.Debug|Win32.ActiveCfg = Debug|Win32
		{D8FD8F00-4723-4804-8F35-E333FCD9EC5A}.Debug|Win32.Build.0 = Debug|Win32
		{D8FD8F00-4723-4804-8F35-E333FCD9EC5A}.Release|Win32.ActiveCfg = Release|Win32
		{D8FD8F00-4723-4804-8F35-E333FCD9EC5A}.Release|Win32.Build.0 = Release|Win32
		{9A58F19B-7BF1-49E0-9512-54A16DBFEF50}.Debug|Win32.ActiveCfg = Debug|Win32
		{9A58F19B-7BF1-49E0-9512-54A16DBFEF50}.Debug|Win32.Build.0 = Debug|Win32
		{9A58F19B-7BF1-49E0-9512-54A16DBFEF50}.Release|Win32.ActiveCfg = Release|Win32
		{9A58F19B-7BF1-49E0-9512-54A16DBFEF50}.Release|Win32.Build.0 = Release|Win32
		{18E4E701-00ED-44BF-9983-D37FADA0729C}.Debug|Win32.ActiveCfg = Debug|Win32
		{18E4E701-00ED-44BF-9983-D37FADA0729C}.Debug|Win32.Build.0 = Debug|Win32
		{18E4E701-00ED-44BF-9983-D37FADA0729C}.Release|Win32.ActiveCfg = Release|Win32
		{18E4E701-00ED-44BF-9983-D37FADA0729C}.Release|Win32.Build.0 = Release|Win32
		{3F819B43-1F6E-43CC-BEA5-D9F760F30039}.Debug|Win32.ActiveCfg = Debug|Win32
		{3F819B43-1F6E-43CC-BEA5-D9F760F30039}.Debug|Win32.Build.0 = Debug|Win32
		{3F819B43-1F6E-43CC-BEA5-D9F760F30039}.Release|Win32.ActiveCfg = Release|Win32
		{3F819B43-1F6E-43CC-BEA5-D9F760F30039}.Release|Win32.Build.0 = Release|Win32
		{33E6D7E6-286C-4F6F-B3A0-1A5DB635220A}.Debug|Win32.ActiveCfg = Debug|Win32
		{33E6D7E6-286C-4F6F-B3A0-1A5DB635220A}.Debug|Win32.Build.0 = Debug|Win32
		{33E6D7E6-286C-4F6F-B3A0-1A5DB635220A}.Release|Win32.ActiveCfg = Release|Win32
		{33E6D7E6-286C-4F6F-B3A0-1A5DB635220A}.Release|Win32.Build.0 = Release|Win32
		{B97091E4-07A0-48F0-934A-84A8A81898D5}.Debug|Win32.ActiveCfg = Debug|Win32
		{B97091E4-07A0-48F0-934A-84A8A81898D5}.Debug|Win32.Build.0 = Debug|Win32
		{B97091E4-07A0-48F0-934A-84A8A81898D5}.Release|Win32.ActiveCfg = Release|Win32
		{B97091E4-07A0-48F0-934A-84A8A81898D5}.Release|Win32.Build.0 = Release|Win32
		{72FA7932-7C31-4711-B84C-457C06C6190A}.Debug|Win32.ActiveCfg = Debug|Win32
		{72FA7932-7C31-4711-B84C-457C06C6190A}.Debug|Win32.Build.0 = Debug|Win32
		{72FA7932-7C31-4711-B84C-457C06C6190A}.Release|Win32.ActiveCfg = Release|Win32
		{72FA7932-7C31-4711-B84C-457C06C6190A}.Release|Win32.Build.0 = Release|Win32
	EndGlobalSection
	GlobalSection(SolutionProperties) = preSolution
		HideSolutionNode = FALSE
	EndGlobalSection
	GlobalSection(NestedProjects) = preSolution
		{0EBD2D73-9ECA-4CBA-93B8-DBE819C8F884} = {CB01E3F3-E456-47A2-A616-9736C22EFC9C}
		{9A58F19B-7BF1-49E0-9512-54A16DBFEF50} = {CB01E3F3-E456-47A2-A616-9736C22EFC9C}
		{33E6D7E6-286C-4F6F-B3A0-1A5DB635220A} = {CB01E3F3-E456-47A2-A616-9736C22EFC9C}
		{B97091E4-07A0-48F0-934A-84A8A81898D5} = {CB01E3F3-E456-47A2-A616-9736C22EFC9C}
		{D8FD8F00-4723-4804-8F35-E333FCD9EC5A} = {C7419687-6981-493D-8387-5F474403E966}
		{3F819B43-1F6E-43CC-BEA5-D9F760F30039} = {C7419687-6981-493D-8387-5F474403E966}
		{093D81EE-D5EC-4AB8-BD19-2A2773A6C362} = {3A67DC98-17CC-489E-8463-082AF1E6A8C6}
		{18E4E701-00ED-44BF-9983-D37FADA0729C} = {093D81EE-D5EC-4AB8-BD19-2A2773A6C362}
		{72FA7932-7C31-4711-B84C-457C06C6190A} = {BB36B246-A754-4E74-83FE-FFF9CBC6B85C}
	EndGlobalSection
EndGlobal
